
Microsoft Visual Studio Solution File, Format Version 12.00
# Visual Studio Version 17
VisualStudioVersion = 17.14.36327.8 d17.14
MinimumVisualStudioVersion = 10.0.40219.1
Project("{FAE04EC0-301F-11D3-BF4B-00C04F79EFBC}") = "ResizeProject", "ResizeProject\ResizeProject.csproj", "{3220984E-7338-4451-9D68-90246AF95383}"
EndProject
Global
	GlobalSection(SolutionConfigurationPlatforms) = preSolution
		Debug|Any CPU = Debug|Any CPU
		Release|Any CPU = Release|Any CPU
	EndGlobalSection
	GlobalSection(ProjectConfigurationPlatforms) = postSolution
		{3220984E-7338-4451-9D68-90246AF95383}.Debug|Any CPU.ActiveCfg = Debug|Any CPU
		{3220984E-7338-4451-9D68-90246AF95383}.Debug|Any CPU.Build.0 = Debug|Any CPU
		{3220984E-7338-4451-9D68-90246AF95383}.Release|Any CPU.ActiveCfg = Release|Any CPU
		{3220984E-7338-4451-9D68-90246AF95383}.Release|Any CPU.Build.0 = Release|Any CPU
	EndGlobalSection
	GlobalSection(SolutionProperties) = preSolution
		HideSolutionNode = FALSE
	EndGlobalSection
	GlobalSection(ExtensibilityGlobals) = postSolution
		SolutionGuid = {FE6613BD-3A31-43DC-8CED-E9D859567902}
	EndGlobalSection
EndGlobal
